
Microsoft Visual Studio Solution File, Format Version 12.00
# Visual Studio Version 17
VisualStudioVersion = 17.2.32516.85
MinimumVisualStudioVersion = 10.0.40219.1
Project("{9A19103F-16F7-4668-BE54-9A1E7A4F7556}") = "Battleships", "Battleships\Battleships.csproj", "{DB506CE1-AC4A-4F53-B435-99A509535965}"
EndProject
Project("{FAE04EC0-301F-11D3-BF4B-00C04F79EFBC}") = "BattleshipsTests", "BattleshipsTests\BattleshipsTests.csproj", "{A78154FA-C487-4E77-82BE-363F1CA88B11}"
EndProject
Global
	GlobalSection(SolutionConfigurationPlatforms) = preSolution
		Debug|Any CPU = Debug|Any CPU
		Release|Any CPU = Release|Any CPU
	EndGlobalSection
	GlobalSection(ProjectConfigurationPlatforms) = postSolution
		{DB506CE1-AC4A-4F53-B435-99A509535965}.Debug|Any CPU.ActiveCfg = Debug|Any CPU
		{DB506CE1-AC4A-4F53-B435-99A509535965}.Debug|Any CPU.Build.0 = Debug|Any CPU
		{DB506CE1-AC4A-4F53-B435-99A509535965}.Release|Any CPU.ActiveCfg = Release|Any CPU
		{DB506CE1-AC4A-4F53-B435-99A509535965}.Release|Any CPU.Build.0 = Release|Any CPU
		{A78154FA-C487-4E77-82BE-363F1CA88B11}.Debug|Any CPU.ActiveCfg = Debug|Any CPU
		{A78154FA-C487-4E77-82BE-363F1CA88B11}.Debug|Any CPU.Build.0 = Debug|Any CPU
		{A78154FA-C487-4E77-82BE-363F1CA88B11}.Release|Any CPU.ActiveCfg = Release|Any CPU
		{A78154FA-C487-4E77-82BE-363F1CA88B11}.Release|Any CPU.Build.0 = Release|Any CPU
	EndGlobalSection
	GlobalSection(SolutionProperties) = preSolution
		HideSolutionNode = FALSE
	EndGlobalSection
	GlobalSection(ExtensibilityGlobals) = postSolution
		SolutionGuid = {96777893-5FE3-49E8-8EA0-38C329A0E223}
	EndGlobalSection
EndGlobal
